# THIS IS AN AUTOGENERATED FILE. DO NOT EDIT THIS FILE DIRECTLY.
# yarn lockfile v1


moment-es6@^1.0.0:
  version "1.0.0"
  resolved "https://registry.yarnpkg.com/moment-es6/-/moment-es6-1.0.0.tgz#552fcf405d62565b0a1fe84e6c1e697ac79332df"
  integrity sha1-VS/PQF1iVlsKH+hObB5peseTMt8=
  dependencies:
    moment "*"

moment@*:
  version "2.23.0"
  resolved "https://registry.yarnpkg.com/moment/-/moment-2.23.0.tgz#759ea491ac97d54bac5ad776996e2a58cc1bc225"
  integrity sha512-3IE39bHVqFbWWaPOMHZF98Q9c3LDKGTmypMiTM2QygGXXElkFWIH7GxfmlwmY2vwa+wmNsoYZmG2iusf1ZjJoA==
